
Microsoft Visual Studio Solution File, Format Version 12.00
# Visual Studio 15
VisualStudioVersion = 15.0.27130.2010
MinimumVisualStudioVersion = 10.0.40219.1
Project("{FAE04EC0-301F-11D3-BF4B-00C04F79EFBC}") = "Docker-Try", "Docker-Try\Docker-Try.csproj", "{FA0D2215-E9A2-4FA5-A352-DAD4CBF094C8}"
EndProject
Global
	GlobalSection(SolutionConfigurationPlatforms) = preSolution
		Debug|Any CPU = Debug|Any CPU
		Release|Any CPU = Release|Any CPU
	EndGlobalSection
	GlobalSection(ProjectConfigurationPlatforms) = postSolution
		{FA0D2215-E9A2-4FA5-A352-DAD4CBF094C8}.Debug|Any CPU.ActiveCfg = Debug|Any CPU
		{FA0D2215-E9A2-4FA5-A352-DAD4CBF094C8}.Debug|Any CPU.Build.0 = Debug|Any CPU
		{FA0D2215-E9A2-4FA5-A352-DAD4CBF094C8}.Release|Any CPU.ActiveCfg = Release|Any CPU
		{FA0D2215-E9A2-4FA5-A352-DAD4CBF094C8}.Release|Any CPU.Build.0 = Release|Any CPU
	EndGlobalSection
	GlobalSection(SolutionProperties) = preSolution
		HideSolutionNode = FALSE
	EndGlobalSection
	GlobalSection(ExtensibilityGlobals) = postSolution
		SolutionGuid = {3C31BE5A-1500-468E-86CA-131EA9F46AB9}
	EndGlobalSection
EndGlobal
